
Microsoft Visual Studio Solution File, Format Version 12.00
# Visual Studio Version 16
VisualStudioVersion = 16.0.29926.136
MinimumVisualStudioVersion = 10.0.40219.1
Project("{FAE04EC0-301F-11D3-BF4B-00C04F79EFBC}") = "IS4.IdentityServer", "IS4.IdentityServer\IS4.IdentityServer.csproj", "{97753DA2-FD15-46FD-9D8A-2FF8244CA5D5}"
EndProject
Project("{2150E333-8FDC-42A3-9474-1A3956D46DE8}") = "Src", "Src", "{84115DD1-3C64-4F56-9CA3-FD938285FEAE}"
EndProject
Global
	GlobalSection(SolutionConfigurationPlatforms) = preSolution
		Debug|Any CPU = Debug|Any CPU
		Release|Any CPU = Release|Any CPU
	EndGlobalSection
	GlobalSection(ProjectConfigurationPlatforms) = postSolution
		{97753DA2-FD15-46FD-9D8A-2FF8244CA5D5}.Debug|Any CPU.ActiveCfg = Debug|Any CPU
		{97753DA2-FD15-46FD-9D8A-2FF8244CA5D5}.Debug|Any CPU.Build.0 = Debug|Any CPU
		{97753DA2-FD15-46FD-9D8A-2FF8244CA5D5}.Release|Any CPU.ActiveCfg = Release|Any CPU
		{97753DA2-FD15-46FD-9D8A-2FF8244CA5D5}.Release|Any CPU.Build.0 = Release|Any CPU
	EndGlobalSection
	GlobalSection(SolutionProperties) = preSolution
		HideSolutionNode = FALSE
	EndGlobalSection
	GlobalSection(NestedProjects) = preSolution
		{97753DA2-FD15-46FD-9D8A-2FF8244CA5D5} = {84115DD1-3C64-4F56-9CA3-FD938285FEAE}
	EndGlobalSection
	GlobalSection(ExtensibilityGlobals) = postSolution
		SolutionGuid = {53558C5F-C187-4E17-99CA-429089EE3934}
	EndGlobalSection
EndGlobal
